<?xml version="1.0" encoding="utf-8"?>
<Project ToolsVersion="4.0" xmlns="http://schemas.microsoft.com/developer/msbuild/2003">
  <ItemGroup>
    <Filter Include="소스 파일">
      <UniqueIdentifier>{4FC737F1-C7A5-4376-A066-2A32D752A2FF}</UniqueIdentifier>
      <Extensions>cpp;c;cc;cxx;c++;cppm;ixx;def;odl;idl;hpj;bat;asm;asmx</Extensions>
    </Filter>
    <Filter Include="헤더 파일">
      <UniqueIdentifier>{93995380-89BD-4b04-88EB-625FBE52EBFB}</UniqueIdentifier>
      <Extensions>h;hh;hpp;hxx;h++;hm;inl;inc;ipp;xsd</Extensions>
    </Filter>
    <Filter Include="리소스 파일">
      <UniqueIdentifier>{67DA6AB6-F800-4c08-8B7A-83BB121AAD01}</UniqueIdentifier>
      <Extensions>rc;ico;cur;bmp;dlg;rc2;rct;bin;rgs;gif;jpg;jpeg;jpe;resx;tiff;tif;png;wav;mfcribbon-ms</Extensions>
    </Filter>
    <Filter Include="tuple">
      <UniqueIdentifier>{937dc9d1-afe9-4cb4-9e3f-4ef50eaed58b}</UniqueIdentifier>
    </Filter>
    <Filter Include="default">
      <UniqueIdentifier>{3412eaae-8bf5-447f-a8ef-0e84e6b3a5cb}</UniqueIdentifier>
    </Filter>
    <Filter Include="forwarding">
      <UniqueIdentifier>{68e0917e-fc1d-4514-a843-60a1ff2d0f83}</UniqueIdentifier>
    </Filter>
    <Filter Include="pimpl">
      <UniqueIdentifier>{6636e0b0-9c40-4ee1-9f2b-e3a301bdcc00}</UniqueIdentifier>
    </Filter>
  </ItemGroup>
  <ItemGroup>
    <ClCompile Include="CPlusPlusConsole.cpp">
      <Filter>소스 파일</Filter>
    </ClCompile>
    <ClCompile Include="exam_tuple.cpp">
      <Filter>tuple</Filter>
    </ClCompile>
    <ClCompile Include="default_delete.cpp">
      <Filter>default</Filter>
    </ClCompile>
    <ClCompile Include="forwoard.cpp">
      <Filter>forwarding</Filter>
    </ClCompile>
    <ClCompile Include="forward2.cpp">
      <Filter>forwarding</Filter>
    </ClCompile>
    <ClCompile Include="impl.cpp">
      <Filter>pimpl</Filter>
    </ClCompile>
    <ClCompile Include="AAA.cpp">
      <Filter>pimpl</Filter>
    </ClCompile>
    <ClCompile Include="MyString.cpp">
      <Filter>소스 파일</Filter>
    </ClCompile>
  </ItemGroup>
  <ItemGroup>
    <ClInclude Include="AAA.h">
      <Filter>pimpl</Filter>
    </ClInclude>
    <ClInclude Include="MyString.h">
      <Filter>헤더 파일</Filter>
    </ClInclude>
  </ItemGroup>
</Project>